<?xml version="1.0" encoding="utf-8"?>
<Project ToolsVersion="4.0" xmlns="http://schemas.microsoft.com/developer/msbuild/2003">
  <ItemGroup>
    <ClCompile Include="main.cpp" />
    <ClCompile Include="includes\ProgramBuilder.cpp">
      <Filter>Includes</Filter>
    </ClCompile>
    <ClCompile Include="includes\SDL_GLDebugMessageCallback.cpp">
      <Filter>Includes</Filter>
    </ClCompile>
    <ClCompile Include="includes\ObjParser.cpp">
      <Filter>Includes</Filter>
    </ClCompile>
    <ClCompile Include="includes\GLUtils.cpp">
      <Filter>Includes</Filter>
    </ClCompile>
    <ClCompile Include="includes\CameraManipulator.cpp">
      <Filter>Includes</Filter>
    </ClCompile>
    <ClCompile Include="includes\Camera.cpp">
      <Filter>Includes</Filter>
    </ClCompile>
    <ClCompile Include="MyApp.cpp">
      <Filter>Sources</Filter>
    </ClCompile>
  </ItemGroup>
  <ItemGroup>
    <ClInclude Include="includes\ProgramBuilder.h">
      <Filter>Includes</Filter>
    </ClInclude>
    <ClInclude Include="includes\SDL_GLDebugMessageCallback.h">
      <Filter>Includes</Filter>
    </ClInclude>
    <ClInclude Include="includes\ObjParser.h">
      <Filter>Includes</Filter>
    </ClInclude>
    <ClInclude Include="includes\GLUtils.hpp">
      <Filter>Includes</Filter>
    </ClInclude>
    <ClInclude Include="includes\CameraManipulator.h">
      <Filter>Includes</Filter>
    </ClInclude>
    <ClInclude Include="includes\Camera.h">
      <Filter>Includes</Filter>
    </ClInclude>
    <ClInclude Include="Headers\Model.h">
      <Filter>Headers</Filter>
    </ClInclude>
    <ClInclude Include="Headers\MyApp.h">
      <Filter>Headers</Filter>
    </ClInclude>
  </ItemGroup>
  <ItemGroup>
    <Image Include="Assets\lab_xneg.png">
      <Filter>Assets</Filter>
    </Image>
    <Image Include="Assets\lab_xpos.png">
      <Filter>Assets</Filter>
    </Image>
    <Image Include="Assets\lab_yneg.png">
      <Filter>Assets</Filter>
    </Image>
    <Image Include="Assets\lab_ypos.png">
      <Filter>Assets</Filter>
    </Image>
    <Image Include="Assets\lab_zneg.png">
      <Filter>Assets</Filter>
    </Image>
    <Image Include="Assets\lab_zpos.png">
      <Filter>Assets</Filter>
    </Image>
    <Image Include="Assets\metal.png">
      <Filter>Assets</Filter>
    </Image>
    <Image Include="Assets\nx.jpg">
      <Filter>Assets</Filter>
    </Image>
    <Image Include="Assets\nz.jpg">
      <Filter>Assets</Filter>
    </Image>
    <Image Include="Assets\ny.jpg">
      <Filter>Assets</Filter>
    </Image>
    <Image Include="Assets\px.jpg">
      <Filter>Assets</Filter>
    </Image>
    <Image Include="Assets\py.jpg">
      <Filter>Assets</Filter>
    </Image>
    <Image Include="Assets\pz.jpg">
      <Filter>Assets</Filter>
    </Image>
    <Image Include="Assets\xneg.png">
      <Filter>Assets</Filter>
    </Image>
    <Image Include="Assets\xpos.png">
      <Filter>Assets</Filter>
    </Image>
    <Image Include="Assets\yneg.png">
      <Filter>Assets</Filter>
    </Image>
    <Image Include="Assets\ypos.png">
      <Filter>Assets</Filter>
    </Image>
    <Image Include="Assets\zneg.png">
      <Filter>Assets</Filter>
    </Image>
    <Image Include="Assets\zpos.png">
      <Filter>Assets</Filter>
    </Image>
    <Image Include="Assets\heightmap_dot.png">
      <Filter>Assets</Filter>
    </Image>
    <Image Include="Assets\spikes.png">
      <Filter>Assets</Filter>
    </Image>
  </ItemGroup>
  <ItemGroup>
    <None Include="Shaders\Axes\Frag_PosCol.frag">
      <Filter>Shaders\Axes</Filter>
    </None>
    <None Include="Shaders\Axes\Vert_axes.vert">
      <Filter>Shaders\Axes</Filter>
    </None>
    <None Include="Shaders\Skybox\Frag_skybox_skeleton.frag">
      <Filter>Shaders\Skybox</Filter>
    </None>
    <None Include="Shaders\Skybox\Vert_skybox.vert">
      <Filter>Shaders\Skybox</Filter>
    </None>
    <None Include="Shaders\Conemap\Comp_Conemap.comp">
      <Filter>Shaders\Conemap</Filter>
    </None>
    <None Include="Shaders\Models\Frag_Model.frag">
      <Filter>Shaders\Models</Filter>
    </None>
    <None Include="Shaders\Models\Geom_Model.geom">
      <Filter>Shaders\Models</Filter>
    </None>
    <None Include="Shaders\Models\Vert_Model.vert">
      <Filter>Shaders\Models</Filter>
    </None>
    <None Include="Shaders\Models\Frag_Simple.frag">
      <Filter>Shaders\Models</Filter>
    </None>
    <None Include="Shaders\Models\Geom_Model_old.geom">
      <Filter>Shaders\Models</Filter>
    </None>
  </ItemGroup>
  <ItemGroup>
    <Text Include="Assets\cube.obj">
      <Filter>Assets</Filter>
    </Text>
    <Text Include="Assets\ico-sphere-3.obj">
      <Filter>Assets</Filter>
    </Text>
    <Text Include="Assets\ico-sphere-4.obj">
      <Filter>Assets</Filter>
    </Text>
    <Text Include="Assets\Suzanne.obj">
      <Filter>Assets</Filter>
    </Text>
    <Text Include="Assets\uv-sphere-32.obj">
      <Filter>Assets</Filter>
    </Text>
    <Text Include="Assets\uv-sphere-64.obj">
      <Filter>Assets</Filter>
    </Text>
    <Text Include="Shaders\Vert_PosNormTex.vert">
      <Filter>Shaders</Filter>
    </Text>
    <Text Include="Shaders\Frag_Simple.frag">
      <Filter>Shaders</Filter>
    </Text>
  </ItemGroup>
  <ItemGroup>
    <Filter Include="Assets">
      <UniqueIdentifier>{dc1b0883-f86b-4752-b1de-a571bafb16aa}</UniqueIdentifier>
    </Filter>
    <Filter Include="Shaders">
      <UniqueIdentifier>{33f73cb3-71e5-4dee-93f0-35a118e8c44f}</UniqueIdentifier>
    </Filter>
    <Filter Include="Headers">
      <UniqueIdentifier>{b647236b-98a4-4c74-ad31-9ef242ac10b5}</UniqueIdentifier>
    </Filter>
    <Filter Include="Includes">
      <UniqueIdentifier>{a21c0227-c922-4e18-92d3-090a65cd527f}</UniqueIdentifier>
    </Filter>
    <Filter Include="Sources">
      <UniqueIdentifier>{3ad2ad83-03c1-4a81-94eb-6504f885bcad}</UniqueIdentifier>
    </Filter>
    <Filter Include="Shaders\Axes">
      <UniqueIdentifier>{1cdc5433-7cef-4630-87b4-1dc0ae1adedf}</UniqueIdentifier>
    </Filter>
    <Filter Include="Shaders\Skybox">
      <UniqueIdentifier>{635ef6e0-8067-4c35-8e10-1577557036a8}</UniqueIdentifier>
    </Filter>
    <Filter Include="Shaders\Conemap">
      <UniqueIdentifier>{79651dd6-2745-4136-b4ef-fc154eaf69b7}</UniqueIdentifier>
    </Filter>
    <Filter Include="Shaders\Models">
      <UniqueIdentifier>{00816edf-bbb7-462c-97e7-3ca45691a18a}</UniqueIdentifier>
    </Filter>
  </ItemGroup>
</Project>